<?xml version="1.0" encoding="utf-8"?>
<Project ToolsVersion="17.0" xmlns="http://schemas.microsoft.com/developer/msbuild/2003">
  <ItemGroup>
    <ClCompile Include="D:\Unreal Projects\aws-sdk-cpp\crt\aws-crt-cpp\crt\aws-c-auth\source\auth.c">
      <Filter>Source Files</Filter>
    </ClCompile>
    <ClCompile Include="D:\Unreal Projects\aws-sdk-cpp\crt\aws-crt-cpp\crt\aws-c-auth\source\aws_imds_client.c">
      <Filter>Source Files</Filter>
    </ClCompile>
    <ClCompile Include="D:\Unreal Projects\aws-sdk-cpp\crt\aws-crt-cpp\crt\aws-c-auth\source\aws_profile.c">
      <Filter>Source Files</Filter>
    </ClCompile>
    <ClCompile Include="D:\Unreal Projects\aws-sdk-cpp\crt\aws-crt-cpp\crt\aws-c-auth\source\aws_signing.c">
      <Filter>Source Files</Filter>
    </ClCompile>
    <ClCompile Include="D:\Unreal Projects\aws-sdk-cpp\crt\aws-crt-cpp\crt\aws-c-auth\source\credentials.c">
      <Filter>Source Files</Filter>
    </ClCompile>
    <ClCompile Include="D:\Unreal Projects\aws-sdk-cpp\crt\aws-crt-cpp\crt\aws-c-auth\source\credentials_provider_anonymous.c">
      <Filter>Source Files</Filter>
    </ClCompile>
    <ClCompile Include="D:\Unreal Projects\aws-sdk-cpp\crt\aws-crt-cpp\crt\aws-c-auth\source\credentials_provider_cached.c">
      <Filter>Source Files</Filter>
    </ClCompile>
    <ClCompile Include="D:\Unreal Projects\aws-sdk-cpp\crt\aws-crt-cpp\crt\aws-c-auth\source\credentials_provider_chain.c">
      <Filter>Source Files</Filter>
    </ClCompile>
    <ClCompile Include="D:\Unreal Projects\aws-sdk-cpp\crt\aws-crt-cpp\crt\aws-c-auth\source\credentials_provider_cognito.c">
      <Filter>Source Files</Filter>
    </ClCompile>
    <ClCompile Include="D:\Unreal Projects\aws-sdk-cpp\crt\aws-crt-cpp\crt\aws-c-auth\source\credentials_provider_default_chain.c">
      <Filter>Source Files</Filter>
    </ClCompile>
    <ClCompile Include="D:\Unreal Projects\aws-sdk-cpp\crt\aws-crt-cpp\crt\aws-c-auth\source\credentials_provider_delegate.c">
      <Filter>Source Files</Filter>
    </ClCompile>
    <ClCompile Include="D:\Unreal Projects\aws-sdk-cpp\crt\aws-crt-cpp\crt\aws-c-auth\source\credentials_provider_ecs.c">
      <Filter>Source Files</Filter>
    </ClCompile>
    <ClCompile Include="D:\Unreal Projects\aws-sdk-cpp\crt\aws-crt-cpp\crt\aws-c-auth\source\credentials_provider_environment.c">
      <Filter>Source Files</Filter>
    </ClCompile>
    <ClCompile Include="D:\Unreal Projects\aws-sdk-cpp\crt\aws-crt-cpp\crt\aws-c-auth\source\credentials_provider_imds.c">
      <Filter>Source Files</Filter>
    </ClCompile>
    <ClCompile Include="D:\Unreal Projects\aws-sdk-cpp\crt\aws-crt-cpp\crt\aws-c-auth\source\credentials_provider_process.c">
      <Filter>Source Files</Filter>
    </ClCompile>
    <ClCompile Include="D:\Unreal Projects\aws-sdk-cpp\crt\aws-crt-cpp\crt\aws-c-auth\source\credentials_provider_profile.c">
      <Filter>Source Files</Filter>
    </ClCompile>
    <ClCompile Include="D:\Unreal Projects\aws-sdk-cpp\crt\aws-crt-cpp\crt\aws-c-auth\source\credentials_provider_sso.c">
      <Filter>Source Files</Filter>
    </ClCompile>
    <ClCompile Include="D:\Unreal Projects\aws-sdk-cpp\crt\aws-crt-cpp\crt\aws-c-auth\source\credentials_provider_static.c">
      <Filter>Source Files</Filter>
    </ClCompile>
    <ClCompile Include="D:\Unreal Projects\aws-sdk-cpp\crt\aws-crt-cpp\crt\aws-c-auth\source\credentials_provider_sts.c">
      <Filter>Source Files</Filter>
    </ClCompile>
    <ClCompile Include="D:\Unreal Projects\aws-sdk-cpp\crt\aws-crt-cpp\crt\aws-c-auth\source\credentials_provider_sts_web_identity.c">
      <Filter>Source Files</Filter>
    </ClCompile>
    <ClCompile Include="D:\Unreal Projects\aws-sdk-cpp\crt\aws-crt-cpp\crt\aws-c-auth\source\credentials_provider_x509.c">
      <Filter>Source Files</Filter>
    </ClCompile>
    <ClCompile Include="D:\Unreal Projects\aws-sdk-cpp\crt\aws-crt-cpp\crt\aws-c-auth\source\credentials_utils.c">
      <Filter>Source Files</Filter>
    </ClCompile>
    <ClCompile Include="D:\Unreal Projects\aws-sdk-cpp\crt\aws-crt-cpp\crt\aws-c-auth\source\key_derivation.c">
      <Filter>Source Files</Filter>
    </ClCompile>
    <ClCompile Include="D:\Unreal Projects\aws-sdk-cpp\crt\aws-crt-cpp\crt\aws-c-auth\source\signable.c">
      <Filter>Source Files</Filter>
    </ClCompile>
    <ClCompile Include="D:\Unreal Projects\aws-sdk-cpp\crt\aws-crt-cpp\crt\aws-c-auth\source\signable_chunk.c">
      <Filter>Source Files</Filter>
    </ClCompile>
    <ClCompile Include="D:\Unreal Projects\aws-sdk-cpp\crt\aws-crt-cpp\crt\aws-c-auth\source\signable_http_request.c">
      <Filter>Source Files</Filter>
    </ClCompile>
    <ClCompile Include="D:\Unreal Projects\aws-sdk-cpp\crt\aws-crt-cpp\crt\aws-c-auth\source\signable_trailer.c">
      <Filter>Source Files</Filter>
    </ClCompile>
    <ClCompile Include="D:\Unreal Projects\aws-sdk-cpp\crt\aws-crt-cpp\crt\aws-c-auth\source\signing.c">
      <Filter>Source Files</Filter>
    </ClCompile>
    <ClCompile Include="D:\Unreal Projects\aws-sdk-cpp\crt\aws-crt-cpp\crt\aws-c-auth\source\signing_config.c">
      <Filter>Source Files</Filter>
    </ClCompile>
    <ClCompile Include="D:\Unreal Projects\aws-sdk-cpp\crt\aws-crt-cpp\crt\aws-c-auth\source\signing_result.c">
      <Filter>Source Files</Filter>
    </ClCompile>
    <ClCompile Include="D:\Unreal Projects\aws-sdk-cpp\crt\aws-crt-cpp\crt\aws-c-auth\source\sigv4_http_request.c">
      <Filter>Source Files</Filter>
    </ClCompile>
    <ClCompile Include="D:\Unreal Projects\aws-sdk-cpp\crt\aws-crt-cpp\crt\aws-c-auth\source\sso_token_utils.c">
      <Filter>Source Files</Filter>
    </ClCompile>
    <ClCompile Include="D:\Unreal Projects\aws-sdk-cpp\crt\aws-crt-cpp\crt\aws-c-auth\source\token_provider_sso_profile.c">
      <Filter>Source Files</Filter>
    </ClCompile>
    <ClCompile Include="D:\Unreal Projects\aws-sdk-cpp\crt\aws-crt-cpp\crt\aws-c-auth\source\token_provider_sso_session.c">
      <Filter>Source Files</Filter>
    </ClCompile>
  </ItemGroup>
  <ItemGroup>
    <ClInclude Include="D:\Unreal Projects\aws-sdk-cpp\crt\aws-crt-cpp\crt\aws-c-auth\include\aws\auth\auth.h">
      <Filter>Header Files</Filter>
    </ClInclude>
    <ClInclude Include="D:\Unreal Projects\aws-sdk-cpp\crt\aws-crt-cpp\crt\aws-c-auth\include\aws\auth\aws_imds_client.h">
      <Filter>Header Files</Filter>
    </ClInclude>
    <ClInclude Include="D:\Unreal Projects\aws-sdk-cpp\crt\aws-crt-cpp\crt\aws-c-auth\include\aws\auth\credentials.h">
      <Filter>Header Files</Filter>
    </ClInclude>
    <ClInclude Include="D:\Unreal Projects\aws-sdk-cpp\crt\aws-crt-cpp\crt\aws-c-auth\include\aws\auth\exports.h">
      <Filter>Header Files</Filter>
    </ClInclude>
    <ClInclude Include="D:\Unreal Projects\aws-sdk-cpp\crt\aws-crt-cpp\crt\aws-c-auth\include\aws\auth\private\aws_profile.h">
      <Filter>Header Files</Filter>
    </ClInclude>
    <ClInclude Include="D:\Unreal Projects\aws-sdk-cpp\crt\aws-crt-cpp\crt\aws-c-auth\include\aws\auth\private\aws_signing.h">
      <Filter>Header Files</Filter>
    </ClInclude>
    <ClInclude Include="D:\Unreal Projects\aws-sdk-cpp\crt\aws-crt-cpp\crt\aws-c-auth\include\aws\auth\private\credentials_utils.h">
      <Filter>Header Files</Filter>
    </ClInclude>
    <ClInclude Include="D:\Unreal Projects\aws-sdk-cpp\crt\aws-crt-cpp\crt\aws-c-auth\include\aws\auth\private\key_derivation.h">
      <Filter>Header Files</Filter>
    </ClInclude>
    <ClInclude Include="D:\Unreal Projects\aws-sdk-cpp\crt\aws-crt-cpp\crt\aws-c-auth\include\aws\auth\private\sigv4_http_request.h">
      <Filter>Header Files</Filter>
    </ClInclude>
    <ClInclude Include="D:\Unreal Projects\aws-sdk-cpp\crt\aws-crt-cpp\crt\aws-c-auth\include\aws\auth\private\sso_token_providers.h">
      <Filter>Header Files</Filter>
    </ClInclude>
    <ClInclude Include="D:\Unreal Projects\aws-sdk-cpp\crt\aws-crt-cpp\crt\aws-c-auth\include\aws\auth\private\sso_token_utils.h">
      <Filter>Header Files</Filter>
    </ClInclude>
    <ClInclude Include="D:\Unreal Projects\aws-sdk-cpp\crt\aws-crt-cpp\crt\aws-c-auth\include\aws\auth\signable.h">
      <Filter>Header Files</Filter>
    </ClInclude>
    <ClInclude Include="D:\Unreal Projects\aws-sdk-cpp\crt\aws-crt-cpp\crt\aws-c-auth\include\aws\auth\signing.h">
      <Filter>Header Files</Filter>
    </ClInclude>
    <ClInclude Include="D:\Unreal Projects\aws-sdk-cpp\crt\aws-crt-cpp\crt\aws-c-auth\include\aws\auth\signing_config.h">
      <Filter>Header Files</Filter>
    </ClInclude>
    <ClInclude Include="D:\Unreal Projects\aws-sdk-cpp\crt\aws-crt-cpp\crt\aws-c-auth\include\aws\auth\signing_result.h">
      <Filter>Header Files</Filter>
    </ClInclude>
  </ItemGroup>
  <ItemGroup>
    <CustomBuild Include="D:\Unreal Projects\aws-sdk-cpp\crt\aws-crt-cpp\crt\aws-c-auth\CMakeLists.txt" />
  </ItemGroup>
  <ItemGroup>
    <Filter Include="Header Files">
      <UniqueIdentifier>{6F0199CA-9D47-3E25-AB78-CCA8553426CC}</UniqueIdentifier>
    </Filter>
    <Filter Include="Source Files">
      <UniqueIdentifier>{CCEC3583-A3C9-3A51-9022-2FBC475718F4}</UniqueIdentifier>
    </Filter>
  </ItemGroup>
</Project>
