<?xml version="1.0" encoding="utf-8"?>
<Project ToolsVersion="17.0" xmlns="http://schemas.microsoft.com/developer/msbuild/2003">
  <ItemGroup>
    <ClCompile Include="D:\Unreal Projects\aws-sdk-cpp\crt\aws-crt-cpp\crt\aws-c-compression\source\compression.c">
      <Filter>Source Files</Filter>
    </ClCompile>
    <ClCompile Include="D:\Unreal Projects\aws-sdk-cpp\crt\aws-crt-cpp\crt\aws-c-compression\source\huffman.c">
      <Filter>Source Files</Filter>
    </ClCompile>
    <ClCompile Include="D:\Unreal Projects\aws-sdk-cpp\crt\aws-crt-cpp\crt\aws-c-compression\source\huffman_testing.c">
      <Filter>Source Files</Filter>
    </ClCompile>
  </ItemGroup>
  <ItemGroup>
    <ClInclude Include="D:\Unreal Projects\aws-sdk-cpp\crt\aws-crt-cpp\crt\aws-c-compression\include\aws\compression\compression.h">
      <Filter>Header Files</Filter>
    </ClInclude>
    <ClInclude Include="D:\Unreal Projects\aws-sdk-cpp\crt\aws-crt-cpp\crt\aws-c-compression\include\aws\compression\exports.h">
      <Filter>Header Files</Filter>
    </ClInclude>
    <ClInclude Include="D:\Unreal Projects\aws-sdk-cpp\crt\aws-crt-cpp\crt\aws-c-compression\include\aws\compression\huffman.h">
      <Filter>Header Files</Filter>
    </ClInclude>
    <ClInclude Include="D:\Unreal Projects\aws-sdk-cpp\crt\aws-crt-cpp\crt\aws-c-compression\include\aws\compression\private\huffman_testing.h">
      <Filter>Header Files</Filter>
    </ClInclude>
  </ItemGroup>
  <ItemGroup>
    <CustomBuild Include="D:\Unreal Projects\aws-sdk-cpp\crt\aws-crt-cpp\crt\aws-c-compression\CMakeLists.txt" />
  </ItemGroup>
  <ItemGroup>
    <Filter Include="Header Files">
      <UniqueIdentifier>{6F0199CA-9D47-3E25-AB78-CCA8553426CC}</UniqueIdentifier>
    </Filter>
    <Filter Include="Source Files">
      <UniqueIdentifier>{CCEC3583-A3C9-3A51-9022-2FBC475718F4}</UniqueIdentifier>
    </Filter>
  </ItemGroup>
</Project>
