<?xml version="1.0" encoding="utf-8"?>
<Project ToolsVersion="17.0" xmlns="http://schemas.microsoft.com/developer/msbuild/2003">
  <ItemGroup>
    <ClCompile Include="D:\Unreal Projects\aws-sdk-cpp\crt\aws-crt-cpp\source\Allocator.cpp">
      <Filter>Source Files</Filter>
    </ClCompile>
    <ClCompile Include="D:\Unreal Projects\aws-sdk-cpp\crt\aws-crt-cpp\source\Api.cpp">
      <Filter>Source Files</Filter>
    </ClCompile>
    <ClCompile Include="D:\Unreal Projects\aws-sdk-cpp\crt\aws-crt-cpp\source\DateTime.cpp">
      <Filter>Source Files</Filter>
    </ClCompile>
    <ClCompile Include="D:\Unreal Projects\aws-sdk-cpp\crt\aws-crt-cpp\source\ImdsClient.cpp">
      <Filter>Source Files</Filter>
    </ClCompile>
    <ClCompile Include="D:\Unreal Projects\aws-sdk-cpp\crt\aws-crt-cpp\source\JsonObject.cpp">
      <Filter>Source Files</Filter>
    </ClCompile>
    <ClCompile Include="D:\Unreal Projects\aws-sdk-cpp\crt\aws-crt-cpp\source\StringUtils.cpp">
      <Filter>Source Files</Filter>
    </ClCompile>
    <ClCompile Include="D:\Unreal Projects\aws-sdk-cpp\crt\aws-crt-cpp\source\Types.cpp">
      <Filter>Source Files</Filter>
    </ClCompile>
    <ClCompile Include="D:\Unreal Projects\aws-sdk-cpp\crt\aws-crt-cpp\source\UUID.cpp">
      <Filter>Source Files</Filter>
    </ClCompile>
    <ClCompile Include="D:\Unreal Projects\aws-sdk-cpp\crt\aws-crt-cpp\source\auth\Credentials.cpp">
      <Filter>Source Files\auth</Filter>
    </ClCompile>
    <ClCompile Include="D:\Unreal Projects\aws-sdk-cpp\crt\aws-crt-cpp\source\auth\Sigv4Signing.cpp">
      <Filter>Source Files\auth</Filter>
    </ClCompile>
    <ClCompile Include="D:\Unreal Projects\aws-sdk-cpp\crt\aws-crt-cpp\source\crypto\HMAC.cpp">
      <Filter>Source Files\crypto</Filter>
    </ClCompile>
    <ClCompile Include="D:\Unreal Projects\aws-sdk-cpp\crt\aws-crt-cpp\source\crypto\Hash.cpp">
      <Filter>Source Files\crypto</Filter>
    </ClCompile>
    <ClCompile Include="D:\Unreal Projects\aws-sdk-cpp\crt\aws-crt-cpp\source\endpoints\RuleEngine.cpp">
      <Filter>Source Files\endpoints</Filter>
    </ClCompile>
    <ClCompile Include="D:\Unreal Projects\aws-sdk-cpp\crt\aws-crt-cpp\source\http\HttpConnection.cpp">
      <Filter>Source Files\http</Filter>
    </ClCompile>
    <ClCompile Include="D:\Unreal Projects\aws-sdk-cpp\crt\aws-crt-cpp\source\http\HttpConnectionManager.cpp">
      <Filter>Source Files\http</Filter>
    </ClCompile>
    <ClCompile Include="D:\Unreal Projects\aws-sdk-cpp\crt\aws-crt-cpp\source\http\HttpProxyStrategy.cpp">
      <Filter>Source Files\http</Filter>
    </ClCompile>
    <ClCompile Include="D:\Unreal Projects\aws-sdk-cpp\crt\aws-crt-cpp\source\http\HttpRequestResponse.cpp">
      <Filter>Source Files\http</Filter>
    </ClCompile>
    <ClCompile Include="D:\Unreal Projects\aws-sdk-cpp\crt\aws-crt-cpp\source\io\Bootstrap.cpp">
      <Filter>Source Files\io</Filter>
    </ClCompile>
    <ClCompile Include="D:\Unreal Projects\aws-sdk-cpp\crt\aws-crt-cpp\source\io\ChannelHandler.cpp">
      <Filter>Source Files\io</Filter>
    </ClCompile>
    <ClCompile Include="D:\Unreal Projects\aws-sdk-cpp\crt\aws-crt-cpp\source\io\EventLoopGroup.cpp">
      <Filter>Source Files\io</Filter>
    </ClCompile>
    <ClCompile Include="D:\Unreal Projects\aws-sdk-cpp\crt\aws-crt-cpp\source\io\HostResolver.cpp">
      <Filter>Source Files\io</Filter>
    </ClCompile>
    <ClCompile Include="D:\Unreal Projects\aws-sdk-cpp\crt\aws-crt-cpp\source\io\Pkcs11.cpp">
      <Filter>Source Files\io</Filter>
    </ClCompile>
    <ClCompile Include="D:\Unreal Projects\aws-sdk-cpp\crt\aws-crt-cpp\source\io\SocketOptions.cpp">
      <Filter>Source Files\io</Filter>
    </ClCompile>
    <ClCompile Include="D:\Unreal Projects\aws-sdk-cpp\crt\aws-crt-cpp\source\io\Stream.cpp">
      <Filter>Source Files\io</Filter>
    </ClCompile>
    <ClCompile Include="D:\Unreal Projects\aws-sdk-cpp\crt\aws-crt-cpp\source\io\TlsOptions.cpp">
      <Filter>Source Files\io</Filter>
    </ClCompile>
    <ClCompile Include="D:\Unreal Projects\aws-sdk-cpp\crt\aws-crt-cpp\source\io\Uri.cpp">
      <Filter>Source Files\io</Filter>
    </ClCompile>
    <ClCompile Include="D:\Unreal Projects\aws-sdk-cpp\crt\aws-crt-cpp\source\iot\Mqtt5Client.cpp">
      <Filter>Source Files\iot</Filter>
    </ClCompile>
    <ClCompile Include="D:\Unreal Projects\aws-sdk-cpp\crt\aws-crt-cpp\source\iot\MqttClient.cpp">
      <Filter>Source Files\iot</Filter>
    </ClCompile>
    <ClCompile Include="D:\Unreal Projects\aws-sdk-cpp\crt\aws-crt-cpp\source\iot\MqttCommon.cpp">
      <Filter>Source Files\iot</Filter>
    </ClCompile>
    <ClCompile Include="D:\Unreal Projects\aws-sdk-cpp\crt\aws-crt-cpp\source\mqtt\Mqtt5Client.cpp">
      <Filter>Source Files\mqtt</Filter>
    </ClCompile>
    <ClCompile Include="D:\Unreal Projects\aws-sdk-cpp\crt\aws-crt-cpp\source\mqtt\Mqtt5ClientCore.cpp">
      <Filter>Source Files\mqtt</Filter>
    </ClCompile>
    <ClCompile Include="D:\Unreal Projects\aws-sdk-cpp\crt\aws-crt-cpp\source\mqtt\Mqtt5Packets.cpp">
      <Filter>Source Files\mqtt</Filter>
    </ClCompile>
    <ClCompile Include="D:\Unreal Projects\aws-sdk-cpp\crt\aws-crt-cpp\source\mqtt\MqttClient.cpp">
      <Filter>Source Files\mqtt</Filter>
    </ClCompile>
    <ClCompile Include="D:\Unreal Projects\aws-sdk-cpp\crt\aws-crt-cpp\source\mqtt\MqttConnection.cpp">
      <Filter>Source Files\mqtt</Filter>
    </ClCompile>
    <ClCompile Include="D:\Unreal Projects\aws-sdk-cpp\crt\aws-crt-cpp\source\mqtt\MqttConnectionCore.cpp">
      <Filter>Source Files\mqtt</Filter>
    </ClCompile>
  </ItemGroup>
  <ItemGroup>
    <ClInclude Include="D:\Unreal Projects\aws-sdk-cpp\build-windows\crt\aws-crt-cpp\generated\include\aws\crt\Config.h">
      <Filter>Header Files\aws\crt</Filter>
    </ClInclude>
    <ClInclude Include="D:\Unreal Projects\aws-sdk-cpp\crt\aws-crt-cpp\include\aws\crt\Allocator.h">
      <Filter>Header Files\aws\crt</Filter>
    </ClInclude>
    <ClInclude Include="D:\Unreal Projects\aws-sdk-cpp\crt\aws-crt-cpp\include\aws\crt\Api.h">
      <Filter>Header Files\aws\crt</Filter>
    </ClInclude>
    <ClInclude Include="D:\Unreal Projects\aws-sdk-cpp\crt\aws-crt-cpp\include\aws\crt\DateTime.h">
      <Filter>Header Files\aws\crt</Filter>
    </ClInclude>
    <ClInclude Include="D:\Unreal Projects\aws-sdk-cpp\crt\aws-crt-cpp\include\aws\crt\Exports.h">
      <Filter>Header Files\aws\crt</Filter>
    </ClInclude>
    <ClInclude Include="D:\Unreal Projects\aws-sdk-cpp\crt\aws-crt-cpp\include\aws\crt\ImdsClient.h">
      <Filter>Header Files\aws\crt</Filter>
    </ClInclude>
    <ClInclude Include="D:\Unreal Projects\aws-sdk-cpp\crt\aws-crt-cpp\include\aws\crt\JsonObject.h">
      <Filter>Header Files\aws\crt</Filter>
    </ClInclude>
    <ClInclude Include="D:\Unreal Projects\aws-sdk-cpp\crt\aws-crt-cpp\include\aws\crt\Optional.h">
      <Filter>Header Files\aws\crt</Filter>
    </ClInclude>
    <ClInclude Include="D:\Unreal Projects\aws-sdk-cpp\crt\aws-crt-cpp\include\aws\crt\RefCounted.h">
      <Filter>Header Files\aws\crt</Filter>
    </ClInclude>
    <ClInclude Include="D:\Unreal Projects\aws-sdk-cpp\crt\aws-crt-cpp\include\aws\crt\StlAllocator.h">
      <Filter>Header Files\aws\crt</Filter>
    </ClInclude>
    <ClInclude Include="D:\Unreal Projects\aws-sdk-cpp\crt\aws-crt-cpp\include\aws\crt\StringUtils.h">
      <Filter>Header Files\aws\crt</Filter>
    </ClInclude>
    <ClInclude Include="D:\Unreal Projects\aws-sdk-cpp\crt\aws-crt-cpp\include\aws\crt\StringView.h">
      <Filter>Header Files\aws\crt</Filter>
    </ClInclude>
    <ClInclude Include="D:\Unreal Projects\aws-sdk-cpp\crt\aws-crt-cpp\include\aws\crt\Types.h">
      <Filter>Header Files\aws\crt</Filter>
    </ClInclude>
    <ClInclude Include="D:\Unreal Projects\aws-sdk-cpp\crt\aws-crt-cpp\include\aws\crt\UUID.h">
      <Filter>Header Files\aws\crt</Filter>
    </ClInclude>
    <ClInclude Include="D:\Unreal Projects\aws-sdk-cpp\crt\aws-crt-cpp\include\aws\crt\auth\Credentials.h">
      <Filter>Header Files\aws\crt\auth</Filter>
    </ClInclude>
    <ClInclude Include="D:\Unreal Projects\aws-sdk-cpp\crt\aws-crt-cpp\include\aws\crt\auth\Signing.h">
      <Filter>Header Files\aws\crt\auth</Filter>
    </ClInclude>
    <ClInclude Include="D:\Unreal Projects\aws-sdk-cpp\crt\aws-crt-cpp\include\aws\crt\auth\Sigv4Signing.h">
      <Filter>Header Files\aws\crt\auth</Filter>
    </ClInclude>
    <ClInclude Include="D:\Unreal Projects\aws-sdk-cpp\crt\aws-crt-cpp\include\aws\crt\crypto\HMAC.h">
      <Filter>Header Files\aws\crt\crypto</Filter>
    </ClInclude>
    <ClInclude Include="D:\Unreal Projects\aws-sdk-cpp\crt\aws-crt-cpp\include\aws\crt\crypto\Hash.h">
      <Filter>Header Files\aws\crt\crypto</Filter>
    </ClInclude>
    <ClInclude Include="D:\Unreal Projects\aws-sdk-cpp\crt\aws-crt-cpp\include\aws\crt\endpoints\RuleEngine.h">
      <Filter>Header Files\aws\crt\endpoints</Filter>
    </ClInclude>
    <ClInclude Include="D:\Unreal Projects\aws-sdk-cpp\crt\aws-crt-cpp\include\aws\crt\http\HttpConnection.h">
      <Filter>Header Files\aws\crt\http</Filter>
    </ClInclude>
    <ClInclude Include="D:\Unreal Projects\aws-sdk-cpp\crt\aws-crt-cpp\include\aws\crt\http\HttpConnectionManager.h">
      <Filter>Header Files\aws\crt\http</Filter>
    </ClInclude>
    <ClInclude Include="D:\Unreal Projects\aws-sdk-cpp\crt\aws-crt-cpp\include\aws\crt\http\HttpProxyStrategy.h">
      <Filter>Header Files\aws\crt\http</Filter>
    </ClInclude>
    <ClInclude Include="D:\Unreal Projects\aws-sdk-cpp\crt\aws-crt-cpp\include\aws\crt\http\HttpRequestResponse.h">
      <Filter>Header Files\aws\crt\http</Filter>
    </ClInclude>
    <ClInclude Include="D:\Unreal Projects\aws-sdk-cpp\crt\aws-crt-cpp\include\aws\crt\io\Bootstrap.h">
      <Filter>Header Files\aws\crt\io</Filter>
    </ClInclude>
    <ClInclude Include="D:\Unreal Projects\aws-sdk-cpp\crt\aws-crt-cpp\include\aws\crt\io\ChannelHandler.h">
      <Filter>Header Files\aws\crt\io</Filter>
    </ClInclude>
    <ClInclude Include="D:\Unreal Projects\aws-sdk-cpp\crt\aws-crt-cpp\include\aws\crt\io\EventLoopGroup.h">
      <Filter>Header Files\aws\crt\io</Filter>
    </ClInclude>
    <ClInclude Include="D:\Unreal Projects\aws-sdk-cpp\crt\aws-crt-cpp\include\aws\crt\io\HostResolver.h">
      <Filter>Header Files\aws\crt\io</Filter>
    </ClInclude>
    <ClInclude Include="D:\Unreal Projects\aws-sdk-cpp\crt\aws-crt-cpp\include\aws\crt\io\Pkcs11.h">
      <Filter>Header Files\aws\crt\io</Filter>
    </ClInclude>
    <ClInclude Include="D:\Unreal Projects\aws-sdk-cpp\crt\aws-crt-cpp\include\aws\crt\io\SocketOptions.h">
      <Filter>Header Files\aws\crt\io</Filter>
    </ClInclude>
    <ClInclude Include="D:\Unreal Projects\aws-sdk-cpp\crt\aws-crt-cpp\include\aws\crt\io\Stream.h">
      <Filter>Header Files\aws\crt\io</Filter>
    </ClInclude>
    <ClInclude Include="D:\Unreal Projects\aws-sdk-cpp\crt\aws-crt-cpp\include\aws\crt\io\TlsOptions.h">
      <Filter>Header Files\aws\crt\io</Filter>
    </ClInclude>
    <ClInclude Include="D:\Unreal Projects\aws-sdk-cpp\crt\aws-crt-cpp\include\aws\crt\io\Uri.h">
      <Filter>Header Files\aws\crt\io</Filter>
    </ClInclude>
    <ClInclude Include="D:\Unreal Projects\aws-sdk-cpp\crt\aws-crt-cpp\include\aws\crt\mqtt\Mqtt5Client.h">
      <Filter>Header Files\aws\crt\mqtt</Filter>
    </ClInclude>
    <ClInclude Include="D:\Unreal Projects\aws-sdk-cpp\crt\aws-crt-cpp\include\aws\crt\mqtt\Mqtt5Packets.h">
      <Filter>Header Files\aws\crt\mqtt</Filter>
    </ClInclude>
    <ClInclude Include="D:\Unreal Projects\aws-sdk-cpp\crt\aws-crt-cpp\include\aws\crt\mqtt\Mqtt5Types.h">
      <Filter>Header Files\aws\crt\mqtt</Filter>
    </ClInclude>
    <ClInclude Include="D:\Unreal Projects\aws-sdk-cpp\crt\aws-crt-cpp\include\aws\crt\mqtt\MqttClient.h">
      <Filter>Header Files\aws\crt\mqtt</Filter>
    </ClInclude>
    <ClInclude Include="D:\Unreal Projects\aws-sdk-cpp\crt\aws-crt-cpp\include\aws\crt\mqtt\MqttConnection.h">
      <Filter>Header Files\aws\crt\mqtt</Filter>
    </ClInclude>
    <ClInclude Include="D:\Unreal Projects\aws-sdk-cpp\crt\aws-crt-cpp\include\aws\crt\mqtt\MqttTypes.h">
      <Filter>Header Files\aws\crt\mqtt</Filter>
    </ClInclude>
    <ClInclude Include="D:\Unreal Projects\aws-sdk-cpp\crt\aws-crt-cpp\include\aws\iot\Mqtt5Client.h">
      <Filter>Header Files\aws\iot</Filter>
    </ClInclude>
    <ClInclude Include="D:\Unreal Projects\aws-sdk-cpp\crt\aws-crt-cpp\include\aws\iot\MqttClient.h">
      <Filter>Header Files\aws\iot</Filter>
    </ClInclude>
    <ClInclude Include="D:\Unreal Projects\aws-sdk-cpp\crt\aws-crt-cpp\include\aws\iot\MqttCommon.h">
      <Filter>Header Files\aws\iot</Filter>
    </ClInclude>
  </ItemGroup>
  <ItemGroup>
    <CustomBuild Include="D:\Unreal Projects\aws-sdk-cpp\crt\aws-crt-cpp\CMakeLists.txt" />
  </ItemGroup>
  <ItemGroup>
    <Filter Include="Header Files">
      <UniqueIdentifier>{6F0199CA-9D47-3E25-AB78-CCA8553426CC}</UniqueIdentifier>
    </Filter>
    <Filter Include="Header Files\aws">
      <UniqueIdentifier>{E6B0D143-0CAF-36E3-AA53-2CC8DC177171}</UniqueIdentifier>
    </Filter>
    <Filter Include="Header Files\aws\crt">
      <UniqueIdentifier>{E4FF225D-3489-335A-A074-6CE89D744628}</UniqueIdentifier>
    </Filter>
    <Filter Include="Header Files\aws\crt\auth">
      <UniqueIdentifier>{C4EF0FCA-C559-3C35-8FE8-43D00B2771AF}</UniqueIdentifier>
    </Filter>
    <Filter Include="Header Files\aws\crt\crypto">
      <UniqueIdentifier>{C4599C2F-5E72-3143-A437-16C7C53688D8}</UniqueIdentifier>
    </Filter>
    <Filter Include="Header Files\aws\crt\endpoints">
      <UniqueIdentifier>{31A7ECF3-B689-356C-AD72-15088E7108B2}</UniqueIdentifier>
    </Filter>
    <Filter Include="Header Files\aws\crt\http">
      <UniqueIdentifier>{7DF44B29-B7B3-3978-A671-84263643D93E}</UniqueIdentifier>
    </Filter>
    <Filter Include="Header Files\aws\crt\io">
      <UniqueIdentifier>{2E3079A0-AB9F-3A56-B40A-5939335A8C99}</UniqueIdentifier>
    </Filter>
    <Filter Include="Header Files\aws\crt\mqtt">
      <UniqueIdentifier>{0D839DD0-F920-331F-A53D-76874870139E}</UniqueIdentifier>
    </Filter>
    <Filter Include="Header Files\aws\iot">
      <UniqueIdentifier>{8F7B64A5-F95C-3B49-AEA7-E19CA3CB4063}</UniqueIdentifier>
    </Filter>
    <Filter Include="Source Files">
      <UniqueIdentifier>{CCEC3583-A3C9-3A51-9022-2FBC475718F4}</UniqueIdentifier>
    </Filter>
    <Filter Include="Source Files\auth">
      <UniqueIdentifier>{5D6BEA73-754B-3639-84BB-FE14DA38F19F}</UniqueIdentifier>
    </Filter>
    <Filter Include="Source Files\crypto">
      <UniqueIdentifier>{A704F0B4-63CB-333B-846F-FE19B2FF27F8}</UniqueIdentifier>
    </Filter>
    <Filter Include="Source Files\endpoints">
      <UniqueIdentifier>{89BAD171-C9DE-306A-95F3-9B90E4940B37}</UniqueIdentifier>
    </Filter>
    <Filter Include="Source Files\http">
      <UniqueIdentifier>{C6BA6D24-7E8F-37F6-AD55-0A3C06D41AFA}</UniqueIdentifier>
    </Filter>
    <Filter Include="Source Files\io">
      <UniqueIdentifier>{BDC155F1-30BD-3C2D-9BFB-92A75F5FA46E}</UniqueIdentifier>
    </Filter>
    <Filter Include="Source Files\iot">
      <UniqueIdentifier>{6DE62700-5A62-3529-BDDB-BBB353312925}</UniqueIdentifier>
    </Filter>
    <Filter Include="Source Files\mqtt">
      <UniqueIdentifier>{57DA3BD5-EDC3-35D1-97B2-28E6C5401514}</UniqueIdentifier>
    </Filter>
  </ItemGroup>
</Project>
