<?xml version="1.0" encoding="utf-8"?>
<Project ToolsVersion="17.0" xmlns="http://schemas.microsoft.com/developer/msbuild/2003">
  <ItemGroup>
    <ClCompile Include="D:\Unreal Projects\aws-sdk-cpp\crt\aws-crt-cpp\crt\aws-c-http\source\connection.c">
      <Filter>Source Files</Filter>
    </ClCompile>
    <ClCompile Include="D:\Unreal Projects\aws-sdk-cpp\crt\aws-crt-cpp\crt\aws-c-http\source\connection_manager.c">
      <Filter>Source Files</Filter>
    </ClCompile>
    <ClCompile Include="D:\Unreal Projects\aws-sdk-cpp\crt\aws-crt-cpp\crt\aws-c-http\source\connection_monitor.c">
      <Filter>Source Files</Filter>
    </ClCompile>
    <ClCompile Include="D:\Unreal Projects\aws-sdk-cpp\crt\aws-crt-cpp\crt\aws-c-http\source\h1_connection.c">
      <Filter>Source Files</Filter>
    </ClCompile>
    <ClCompile Include="D:\Unreal Projects\aws-sdk-cpp\crt\aws-crt-cpp\crt\aws-c-http\source\h1_decoder.c">
      <Filter>Source Files</Filter>
    </ClCompile>
    <ClCompile Include="D:\Unreal Projects\aws-sdk-cpp\crt\aws-crt-cpp\crt\aws-c-http\source\h1_encoder.c">
      <Filter>Source Files</Filter>
    </ClCompile>
    <ClCompile Include="D:\Unreal Projects\aws-sdk-cpp\crt\aws-crt-cpp\crt\aws-c-http\source\h1_stream.c">
      <Filter>Source Files</Filter>
    </ClCompile>
    <ClCompile Include="D:\Unreal Projects\aws-sdk-cpp\crt\aws-crt-cpp\crt\aws-c-http\source\h2_connection.c">
      <Filter>Source Files</Filter>
    </ClCompile>
    <ClCompile Include="D:\Unreal Projects\aws-sdk-cpp\crt\aws-crt-cpp\crt\aws-c-http\source\h2_decoder.c">
      <Filter>Source Files</Filter>
    </ClCompile>
    <ClCompile Include="D:\Unreal Projects\aws-sdk-cpp\crt\aws-crt-cpp\crt\aws-c-http\source\h2_frames.c">
      <Filter>Source Files</Filter>
    </ClCompile>
    <ClCompile Include="D:\Unreal Projects\aws-sdk-cpp\crt\aws-crt-cpp\crt\aws-c-http\source\h2_stream.c">
      <Filter>Source Files</Filter>
    </ClCompile>
    <ClCompile Include="D:\Unreal Projects\aws-sdk-cpp\crt\aws-crt-cpp\crt\aws-c-http\source\hpack.c">
      <Filter>Source Files</Filter>
    </ClCompile>
    <ClCompile Include="D:\Unreal Projects\aws-sdk-cpp\crt\aws-crt-cpp\crt\aws-c-http\source\hpack_decoder.c">
      <Filter>Source Files</Filter>
    </ClCompile>
    <ClCompile Include="D:\Unreal Projects\aws-sdk-cpp\crt\aws-crt-cpp\crt\aws-c-http\source\hpack_encoder.c">
      <Filter>Source Files</Filter>
    </ClCompile>
    <ClCompile Include="D:\Unreal Projects\aws-sdk-cpp\crt\aws-crt-cpp\crt\aws-c-http\source\hpack_huffman_static.c">
      <Filter>Source Files</Filter>
    </ClCompile>
    <ClCompile Include="D:\Unreal Projects\aws-sdk-cpp\crt\aws-crt-cpp\crt\aws-c-http\source\http.c">
      <Filter>Source Files</Filter>
    </ClCompile>
    <ClCompile Include="D:\Unreal Projects\aws-sdk-cpp\crt\aws-crt-cpp\crt\aws-c-http\source\http2_stream_manager.c">
      <Filter>Source Files</Filter>
    </ClCompile>
    <ClCompile Include="D:\Unreal Projects\aws-sdk-cpp\crt\aws-crt-cpp\crt\aws-c-http\source\proxy_connection.c">
      <Filter>Source Files</Filter>
    </ClCompile>
    <ClCompile Include="D:\Unreal Projects\aws-sdk-cpp\crt\aws-crt-cpp\crt\aws-c-http\source\proxy_strategy.c">
      <Filter>Source Files</Filter>
    </ClCompile>
    <ClCompile Include="D:\Unreal Projects\aws-sdk-cpp\crt\aws-crt-cpp\crt\aws-c-http\source\random_access_set.c">
      <Filter>Source Files</Filter>
    </ClCompile>
    <ClCompile Include="D:\Unreal Projects\aws-sdk-cpp\crt\aws-crt-cpp\crt\aws-c-http\source\request_response.c">
      <Filter>Source Files</Filter>
    </ClCompile>
    <ClCompile Include="D:\Unreal Projects\aws-sdk-cpp\crt\aws-crt-cpp\crt\aws-c-http\source\statistics.c">
      <Filter>Source Files</Filter>
    </ClCompile>
    <ClCompile Include="D:\Unreal Projects\aws-sdk-cpp\crt\aws-crt-cpp\crt\aws-c-http\source\strutil.c">
      <Filter>Source Files</Filter>
    </ClCompile>
    <ClCompile Include="D:\Unreal Projects\aws-sdk-cpp\crt\aws-crt-cpp\crt\aws-c-http\source\websocket.c">
      <Filter>Source Files</Filter>
    </ClCompile>
    <ClCompile Include="D:\Unreal Projects\aws-sdk-cpp\crt\aws-crt-cpp\crt\aws-c-http\source\websocket_bootstrap.c">
      <Filter>Source Files</Filter>
    </ClCompile>
    <ClCompile Include="D:\Unreal Projects\aws-sdk-cpp\crt\aws-crt-cpp\crt\aws-c-http\source\websocket_decoder.c">
      <Filter>Source Files</Filter>
    </ClCompile>
    <ClCompile Include="D:\Unreal Projects\aws-sdk-cpp\crt\aws-crt-cpp\crt\aws-c-http\source\websocket_encoder.c">
      <Filter>Source Files</Filter>
    </ClCompile>
  </ItemGroup>
  <ItemGroup>
    <ClInclude Include="D:\Unreal Projects\aws-sdk-cpp\crt\aws-crt-cpp\crt\aws-c-http\include\aws\http\connection.h">
      <Filter>Header Files</Filter>
    </ClInclude>
    <ClInclude Include="D:\Unreal Projects\aws-sdk-cpp\crt\aws-crt-cpp\crt\aws-c-http\include\aws\http\connection_manager.h">
      <Filter>Header Files</Filter>
    </ClInclude>
    <ClInclude Include="D:\Unreal Projects\aws-sdk-cpp\crt\aws-crt-cpp\crt\aws-c-http\include\aws\http\exports.h">
      <Filter>Header Files</Filter>
    </ClInclude>
    <ClInclude Include="D:\Unreal Projects\aws-sdk-cpp\crt\aws-crt-cpp\crt\aws-c-http\include\aws\http\http.h">
      <Filter>Header Files</Filter>
    </ClInclude>
    <ClInclude Include="D:\Unreal Projects\aws-sdk-cpp\crt\aws-crt-cpp\crt\aws-c-http\include\aws\http\http2_stream_manager.h">
      <Filter>Header Files</Filter>
    </ClInclude>
    <ClInclude Include="D:\Unreal Projects\aws-sdk-cpp\crt\aws-crt-cpp\crt\aws-c-http\include\aws\http\private\connection_impl.h">
      <Filter>Header Files</Filter>
    </ClInclude>
    <ClInclude Include="D:\Unreal Projects\aws-sdk-cpp\crt\aws-crt-cpp\crt\aws-c-http\include\aws\http\private\connection_manager_system_vtable.h">
      <Filter>Header Files</Filter>
    </ClInclude>
    <ClInclude Include="D:\Unreal Projects\aws-sdk-cpp\crt\aws-crt-cpp\crt\aws-c-http\include\aws\http\private\connection_monitor.h">
      <Filter>Header Files</Filter>
    </ClInclude>
    <ClInclude Include="D:\Unreal Projects\aws-sdk-cpp\crt\aws-crt-cpp\crt\aws-c-http\include\aws\http\private\h1_connection.h">
      <Filter>Header Files</Filter>
    </ClInclude>
    <ClInclude Include="D:\Unreal Projects\aws-sdk-cpp\crt\aws-crt-cpp\crt\aws-c-http\include\aws\http\private\h1_decoder.h">
      <Filter>Header Files</Filter>
    </ClInclude>
    <ClInclude Include="D:\Unreal Projects\aws-sdk-cpp\crt\aws-crt-cpp\crt\aws-c-http\include\aws\http\private\h1_encoder.h">
      <Filter>Header Files</Filter>
    </ClInclude>
    <ClInclude Include="D:\Unreal Projects\aws-sdk-cpp\crt\aws-crt-cpp\crt\aws-c-http\include\aws\http\private\h1_stream.h">
      <Filter>Header Files</Filter>
    </ClInclude>
    <ClInclude Include="D:\Unreal Projects\aws-sdk-cpp\crt\aws-crt-cpp\crt\aws-c-http\include\aws\http\private\h2_connection.h">
      <Filter>Header Files</Filter>
    </ClInclude>
    <ClInclude Include="D:\Unreal Projects\aws-sdk-cpp\crt\aws-crt-cpp\crt\aws-c-http\include\aws\http\private\h2_decoder.h">
      <Filter>Header Files</Filter>
    </ClInclude>
    <ClInclude Include="D:\Unreal Projects\aws-sdk-cpp\crt\aws-crt-cpp\crt\aws-c-http\include\aws\http\private\h2_frames.h">
      <Filter>Header Files</Filter>
    </ClInclude>
    <ClInclude Include="D:\Unreal Projects\aws-sdk-cpp\crt\aws-crt-cpp\crt\aws-c-http\include\aws\http\private\h2_stream.h">
      <Filter>Header Files</Filter>
    </ClInclude>
    <ClInclude Include="D:\Unreal Projects\aws-sdk-cpp\crt\aws-crt-cpp\crt\aws-c-http\include\aws\http\private\hpack.h">
      <Filter>Header Files</Filter>
    </ClInclude>
    <ClInclude Include="D:\Unreal Projects\aws-sdk-cpp\crt\aws-crt-cpp\crt\aws-c-http\include\aws\http\private\http2_stream_manager_impl.h">
      <Filter>Header Files</Filter>
    </ClInclude>
    <ClInclude Include="D:\Unreal Projects\aws-sdk-cpp\crt\aws-crt-cpp\crt\aws-c-http\include\aws\http\private\http_impl.h">
      <Filter>Header Files</Filter>
    </ClInclude>
    <ClInclude Include="D:\Unreal Projects\aws-sdk-cpp\crt\aws-crt-cpp\crt\aws-c-http\include\aws\http\private\proxy_impl.h">
      <Filter>Header Files</Filter>
    </ClInclude>
    <ClInclude Include="D:\Unreal Projects\aws-sdk-cpp\crt\aws-crt-cpp\crt\aws-c-http\include\aws\http\private\random_access_set.h">
      <Filter>Header Files</Filter>
    </ClInclude>
    <ClInclude Include="D:\Unreal Projects\aws-sdk-cpp\crt\aws-crt-cpp\crt\aws-c-http\include\aws\http\private\request_response_impl.h">
      <Filter>Header Files</Filter>
    </ClInclude>
    <ClInclude Include="D:\Unreal Projects\aws-sdk-cpp\crt\aws-crt-cpp\crt\aws-c-http\include\aws\http\private\strutil.h">
      <Filter>Header Files</Filter>
    </ClInclude>
    <ClInclude Include="D:\Unreal Projects\aws-sdk-cpp\crt\aws-crt-cpp\crt\aws-c-http\include\aws\http\private\websocket_decoder.h">
      <Filter>Header Files</Filter>
    </ClInclude>
    <ClInclude Include="D:\Unreal Projects\aws-sdk-cpp\crt\aws-crt-cpp\crt\aws-c-http\include\aws\http\private\websocket_encoder.h">
      <Filter>Header Files</Filter>
    </ClInclude>
    <ClInclude Include="D:\Unreal Projects\aws-sdk-cpp\crt\aws-crt-cpp\crt\aws-c-http\include\aws\http\private\websocket_impl.h">
      <Filter>Header Files</Filter>
    </ClInclude>
    <ClInclude Include="D:\Unreal Projects\aws-sdk-cpp\crt\aws-crt-cpp\crt\aws-c-http\include\aws\http\proxy.h">
      <Filter>Header Files</Filter>
    </ClInclude>
    <ClInclude Include="D:\Unreal Projects\aws-sdk-cpp\crt\aws-crt-cpp\crt\aws-c-http\include\aws\http\request_response.h">
      <Filter>Header Files</Filter>
    </ClInclude>
    <ClInclude Include="D:\Unreal Projects\aws-sdk-cpp\crt\aws-crt-cpp\crt\aws-c-http\include\aws\http\server.h">
      <Filter>Header Files</Filter>
    </ClInclude>
    <ClInclude Include="D:\Unreal Projects\aws-sdk-cpp\crt\aws-crt-cpp\crt\aws-c-http\include\aws\http\statistics.h">
      <Filter>Header Files</Filter>
    </ClInclude>
    <ClInclude Include="D:\Unreal Projects\aws-sdk-cpp\crt\aws-crt-cpp\crt\aws-c-http\include\aws\http\status_code.h">
      <Filter>Header Files</Filter>
    </ClInclude>
    <ClInclude Include="D:\Unreal Projects\aws-sdk-cpp\crt\aws-crt-cpp\crt\aws-c-http\include\aws\http\websocket.h">
      <Filter>Header Files</Filter>
    </ClInclude>
  </ItemGroup>
  <ItemGroup>
    <CustomBuild Include="D:\Unreal Projects\aws-sdk-cpp\crt\aws-crt-cpp\crt\aws-c-http\CMakeLists.txt" />
  </ItemGroup>
  <ItemGroup>
    <Filter Include="Header Files">
      <UniqueIdentifier>{6F0199CA-9D47-3E25-AB78-CCA8553426CC}</UniqueIdentifier>
    </Filter>
    <Filter Include="Source Files">
      <UniqueIdentifier>{CCEC3583-A3C9-3A51-9022-2FBC475718F4}</UniqueIdentifier>
    </Filter>
  </ItemGroup>
</Project>
