<?xml version="1.0" encoding="utf-8"?>
<Project ToolsVersion="17.0" xmlns="http://schemas.microsoft.com/developer/msbuild/2003">
  <ItemGroup>
    <ClCompile Include="D:\Unreal Projects\aws-sdk-cpp\crt\aws-crt-cpp\crt\aws-c-mqtt\source\client.c">
      <Filter>Source Files</Filter>
    </ClCompile>
    <ClCompile Include="D:\Unreal Projects\aws-sdk-cpp\crt\aws-crt-cpp\crt\aws-c-mqtt\source\client_channel_handler.c">
      <Filter>Source Files</Filter>
    </ClCompile>
    <ClCompile Include="D:\Unreal Projects\aws-sdk-cpp\crt\aws-crt-cpp\crt\aws-c-mqtt\source\client_impl_shared.c">
      <Filter>Source Files</Filter>
    </ClCompile>
    <ClCompile Include="D:\Unreal Projects\aws-sdk-cpp\crt\aws-crt-cpp\crt\aws-c-mqtt\source\fixed_header.c">
      <Filter>Source Files</Filter>
    </ClCompile>
    <ClCompile Include="D:\Unreal Projects\aws-sdk-cpp\crt\aws-crt-cpp\crt\aws-c-mqtt\source\mqtt.c">
      <Filter>Source Files</Filter>
    </ClCompile>
    <ClCompile Include="D:\Unreal Projects\aws-sdk-cpp\crt\aws-crt-cpp\crt\aws-c-mqtt\source\mqtt311_decoder.c">
      <Filter>Source Files</Filter>
    </ClCompile>
    <ClCompile Include="D:\Unreal Projects\aws-sdk-cpp\crt\aws-crt-cpp\crt\aws-c-mqtt\source\mqtt_subscription_set.c">
      <Filter>Source Files</Filter>
    </ClCompile>
    <ClCompile Include="D:\Unreal Projects\aws-sdk-cpp\crt\aws-crt-cpp\crt\aws-c-mqtt\source\packets.c">
      <Filter>Source Files</Filter>
    </ClCompile>
    <ClCompile Include="D:\Unreal Projects\aws-sdk-cpp\crt\aws-crt-cpp\crt\aws-c-mqtt\source\shared_constants.c">
      <Filter>Source Files</Filter>
    </ClCompile>
    <ClCompile Include="D:\Unreal Projects\aws-sdk-cpp\crt\aws-crt-cpp\crt\aws-c-mqtt\source\topic_tree.c">
      <Filter>Source Files</Filter>
    </ClCompile>
    <ClCompile Include="D:\Unreal Projects\aws-sdk-cpp\crt\aws-crt-cpp\crt\aws-c-mqtt\source\v5\mqtt5_callbacks.c">
      <Filter>Source Files</Filter>
    </ClCompile>
    <ClCompile Include="D:\Unreal Projects\aws-sdk-cpp\crt\aws-crt-cpp\crt\aws-c-mqtt\source\v5\mqtt5_client.c">
      <Filter>Source Files</Filter>
    </ClCompile>
    <ClCompile Include="D:\Unreal Projects\aws-sdk-cpp\crt\aws-crt-cpp\crt\aws-c-mqtt\source\v5\mqtt5_decoder.c">
      <Filter>Source Files</Filter>
    </ClCompile>
    <ClCompile Include="D:\Unreal Projects\aws-sdk-cpp\crt\aws-crt-cpp\crt\aws-c-mqtt\source\v5\mqtt5_encoder.c">
      <Filter>Source Files</Filter>
    </ClCompile>
    <ClCompile Include="D:\Unreal Projects\aws-sdk-cpp\crt\aws-crt-cpp\crt\aws-c-mqtt\source\v5\mqtt5_listener.c">
      <Filter>Source Files</Filter>
    </ClCompile>
    <ClCompile Include="D:\Unreal Projects\aws-sdk-cpp\crt\aws-crt-cpp\crt\aws-c-mqtt\source\v5\mqtt5_options_storage.c">
      <Filter>Source Files</Filter>
    </ClCompile>
    <ClCompile Include="D:\Unreal Projects\aws-sdk-cpp\crt\aws-crt-cpp\crt\aws-c-mqtt\source\v5\mqtt5_to_mqtt3_adapter.c">
      <Filter>Source Files</Filter>
    </ClCompile>
    <ClCompile Include="D:\Unreal Projects\aws-sdk-cpp\crt\aws-crt-cpp\crt\aws-c-mqtt\source\v5\mqtt5_topic_alias.c">
      <Filter>Source Files</Filter>
    </ClCompile>
    <ClCompile Include="D:\Unreal Projects\aws-sdk-cpp\crt\aws-crt-cpp\crt\aws-c-mqtt\source\v5\mqtt5_types.c">
      <Filter>Source Files</Filter>
    </ClCompile>
    <ClCompile Include="D:\Unreal Projects\aws-sdk-cpp\crt\aws-crt-cpp\crt\aws-c-mqtt\source\v5\mqtt5_utils.c">
      <Filter>Source Files</Filter>
    </ClCompile>
    <ClCompile Include="D:\Unreal Projects\aws-sdk-cpp\crt\aws-crt-cpp\crt\aws-c-mqtt\source\v5\rate_limiters.c">
      <Filter>Source Files</Filter>
    </ClCompile>
  </ItemGroup>
  <ItemGroup>
    <ClInclude Include="D:\Unreal Projects\aws-sdk-cpp\crt\aws-crt-cpp\crt\aws-c-mqtt\include\aws\mqtt\client.h">
      <Filter>Header Files</Filter>
    </ClInclude>
    <ClInclude Include="D:\Unreal Projects\aws-sdk-cpp\crt\aws-crt-cpp\crt\aws-c-mqtt\include\aws\mqtt\exports.h">
      <Filter>Header Files</Filter>
    </ClInclude>
    <ClInclude Include="D:\Unreal Projects\aws-sdk-cpp\crt\aws-crt-cpp\crt\aws-c-mqtt\include\aws\mqtt\mqtt.h">
      <Filter>Header Files</Filter>
    </ClInclude>
    <ClInclude Include="D:\Unreal Projects\aws-sdk-cpp\crt\aws-crt-cpp\crt\aws-c-mqtt\include\aws\mqtt\private\client_impl.h">
      <Filter>Header Files</Filter>
    </ClInclude>
    <ClInclude Include="D:\Unreal Projects\aws-sdk-cpp\crt\aws-crt-cpp\crt\aws-c-mqtt\include\aws\mqtt\private\client_impl_shared.h">
      <Filter>Header Files</Filter>
    </ClInclude>
    <ClInclude Include="D:\Unreal Projects\aws-sdk-cpp\crt\aws-crt-cpp\crt\aws-c-mqtt\include\aws\mqtt\private\fixed_header.h">
      <Filter>Header Files</Filter>
    </ClInclude>
    <ClInclude Include="D:\Unreal Projects\aws-sdk-cpp\crt\aws-crt-cpp\crt\aws-c-mqtt\include\aws\mqtt\private\mqtt311_decoder.h">
      <Filter>Header Files</Filter>
    </ClInclude>
    <ClInclude Include="D:\Unreal Projects\aws-sdk-cpp\crt\aws-crt-cpp\crt\aws-c-mqtt\include\aws\mqtt\private\mqtt_client_test_helper.h">
      <Filter>Header Files</Filter>
    </ClInclude>
    <ClInclude Include="D:\Unreal Projects\aws-sdk-cpp\crt\aws-crt-cpp\crt\aws-c-mqtt\include\aws\mqtt\private\mqtt_subscription_set.h">
      <Filter>Header Files</Filter>
    </ClInclude>
    <ClInclude Include="D:\Unreal Projects\aws-sdk-cpp\crt\aws-crt-cpp\crt\aws-c-mqtt\include\aws\mqtt\private\packets.h">
      <Filter>Header Files</Filter>
    </ClInclude>
    <ClInclude Include="D:\Unreal Projects\aws-sdk-cpp\crt\aws-crt-cpp\crt\aws-c-mqtt\include\aws\mqtt\private\shared_constants.h">
      <Filter>Header Files</Filter>
    </ClInclude>
    <ClInclude Include="D:\Unreal Projects\aws-sdk-cpp\crt\aws-crt-cpp\crt\aws-c-mqtt\include\aws\mqtt\private\topic_tree.h">
      <Filter>Header Files</Filter>
    </ClInclude>
    <ClInclude Include="D:\Unreal Projects\aws-sdk-cpp\crt\aws-crt-cpp\crt\aws-c-mqtt\include\aws\mqtt\private\v5\mqtt5_callbacks.h">
      <Filter>Header Files</Filter>
    </ClInclude>
    <ClInclude Include="D:\Unreal Projects\aws-sdk-cpp\crt\aws-crt-cpp\crt\aws-c-mqtt\include\aws\mqtt\private\v5\mqtt5_client_impl.h">
      <Filter>Header Files</Filter>
    </ClInclude>
    <ClInclude Include="D:\Unreal Projects\aws-sdk-cpp\crt\aws-crt-cpp\crt\aws-c-mqtt\include\aws\mqtt\private\v5\mqtt5_decoder.h">
      <Filter>Header Files</Filter>
    </ClInclude>
    <ClInclude Include="D:\Unreal Projects\aws-sdk-cpp\crt\aws-crt-cpp\crt\aws-c-mqtt\include\aws\mqtt\private\v5\mqtt5_encoder.h">
      <Filter>Header Files</Filter>
    </ClInclude>
    <ClInclude Include="D:\Unreal Projects\aws-sdk-cpp\crt\aws-crt-cpp\crt\aws-c-mqtt\include\aws\mqtt\private\v5\mqtt5_options_storage.h">
      <Filter>Header Files</Filter>
    </ClInclude>
    <ClInclude Include="D:\Unreal Projects\aws-sdk-cpp\crt\aws-crt-cpp\crt\aws-c-mqtt\include\aws\mqtt\private\v5\mqtt5_to_mqtt3_adapter_impl.h">
      <Filter>Header Files</Filter>
    </ClInclude>
    <ClInclude Include="D:\Unreal Projects\aws-sdk-cpp\crt\aws-crt-cpp\crt\aws-c-mqtt\include\aws\mqtt\private\v5\mqtt5_topic_alias.h">
      <Filter>Header Files</Filter>
    </ClInclude>
    <ClInclude Include="D:\Unreal Projects\aws-sdk-cpp\crt\aws-crt-cpp\crt\aws-c-mqtt\include\aws\mqtt\private\v5\mqtt5_utils.h">
      <Filter>Header Files</Filter>
    </ClInclude>
    <ClInclude Include="D:\Unreal Projects\aws-sdk-cpp\crt\aws-crt-cpp\crt\aws-c-mqtt\include\aws\mqtt\private\v5\rate_limiters.h">
      <Filter>Header Files</Filter>
    </ClInclude>
  </ItemGroup>
  <ItemGroup>
    <CustomBuild Include="D:\Unreal Projects\aws-sdk-cpp\crt\aws-crt-cpp\crt\aws-c-mqtt\CMakeLists.txt" />
  </ItemGroup>
  <ItemGroup>
    <Filter Include="Header Files">
      <UniqueIdentifier>{6F0199CA-9D47-3E25-AB78-CCA8553426CC}</UniqueIdentifier>
    </Filter>
    <Filter Include="Source Files">
      <UniqueIdentifier>{CCEC3583-A3C9-3A51-9022-2FBC475718F4}</UniqueIdentifier>
    </Filter>
  </ItemGroup>
</Project>
