
Microsoft Visual Studio Solution File, Format Version 12.00
# Visual Studio Version 17
Project("{8BC9CEB8-8B4A-11D0-8D11-00A0C91BC942}") = "ALL_BUILD", "ALL_BUILD.vcxproj", "{A7AD75E8-4741-3CF9-8792-1433C27E17E8}"
	ProjectSection(ProjectDependencies) = postProject
		{0B31F3AC-47DC-358A-8C90-ACA7CF75A0F2} = {0B31F3AC-47DC-358A-8C90-ACA7CF75A0F2}
		{C11ED5C5-8355-33B3-861C-3DA40B81E7A8} = {C11ED5C5-8355-33B3-861C-3DA40B81E7A8}
	EndProjectSection
EndProject
Project("{8BC9CEB8-8B4A-11D0-8D11-00A0C91BC942}") = "INSTALL", "INSTALL.vcxproj", "{1C56DDA0-CAC9-34AC-80D1-A1BAA3692AE4}"
	ProjectSection(ProjectDependencies) = postProject
		{A7AD75E8-4741-3CF9-8792-1433C27E17E8} = {A7AD75E8-4741-3CF9-8792-1433C27E17E8}
		{0B31F3AC-47DC-358A-8C90-ACA7CF75A0F2} = {0B31F3AC-47DC-358A-8C90-ACA7CF75A0F2}
	EndProjectSection
EndProject
Project("{8BC9CEB8-8B4A-11D0-8D11-00A0C91BC942}") = "ZERO_CHECK", "..\..\..\..\\ZERO_CHECK.vcxproj", "{0B31F3AC-47DC-358A-8C90-ACA7CF75A0F2}"
	ProjectSection(ProjectDependencies) = postProject
	EndProjectSection
EndProject
Project("{8BC9CEB8-8B4A-11D0-8D11-00A0C91BC942}") = "aws-c-common", "..\aws-c-common\aws-c-common.vcxproj", "{B8037744-55A7-33BD-8C69-7A92C460E10B}"
	ProjectSection(ProjectDependencies) = postProject
		{0B31F3AC-47DC-358A-8C90-ACA7CF75A0F2} = {0B31F3AC-47DC-358A-8C90-ACA7CF75A0F2}
	EndProjectSection
EndProject
Project("{8BC9CEB8-8B4A-11D0-8D11-00A0C91BC942}") = "aws-c-sdkutils", "aws-c-sdkutils.vcxproj", "{C11ED5C5-8355-33B3-861C-3DA40B81E7A8}"
	ProjectSection(ProjectDependencies) = postProject
		{0B31F3AC-47DC-358A-8C90-ACA7CF75A0F2} = {0B31F3AC-47DC-358A-8C90-ACA7CF75A0F2}
		{B8037744-55A7-33BD-8C69-7A92C460E10B} = {B8037744-55A7-33BD-8C69-7A92C460E10B}
	EndProjectSection
EndProject
Global
	GlobalSection(SolutionConfigurationPlatforms) = preSolution
		Debug|x64 = Debug|x64
		DebugOpt|x64 = DebugOpt|x64
		Release|x64 = Release|x64
		RelWithDebInfo|x64 = RelWithDebInfo|x64
		MinSizeRel|x64 = MinSizeRel|x64
	EndGlobalSection
	GlobalSection(ProjectConfigurationPlatforms) = postSolution
		{A7AD75E8-4741-3CF9-8792-1433C27E17E8}.Debug|x64.ActiveCfg = Debug|x64
		{A7AD75E8-4741-3CF9-8792-1433C27E17E8}.Debug|x64.Build.0 = Debug|x64
		{A7AD75E8-4741-3CF9-8792-1433C27E17E8}.DebugOpt|x64.ActiveCfg = DebugOpt|x64
		{A7AD75E8-4741-3CF9-8792-1433C27E17E8}.DebugOpt|x64.Build.0 = DebugOpt|x64
		{A7AD75E8-4741-3CF9-8792-1433C27E17E8}.Release|x64.ActiveCfg = Release|x64
		{A7AD75E8-4741-3CF9-8792-1433C27E17E8}.Release|x64.Build.0 = Release|x64
		{A7AD75E8-4741-3CF9-8792-1433C27E17E8}.RelWithDebInfo|x64.ActiveCfg = RelWithDebInfo|x64
		{A7AD75E8-4741-3CF9-8792-1433C27E17E8}.RelWithDebInfo|x64.Build.0 = RelWithDebInfo|x64
		{A7AD75E8-4741-3CF9-8792-1433C27E17E8}.MinSizeRel|x64.ActiveCfg = MinSizeRel|x64
		{A7AD75E8-4741-3CF9-8792-1433C27E17E8}.MinSizeRel|x64.Build.0 = MinSizeRel|x64
		{1C56DDA0-CAC9-34AC-80D1-A1BAA3692AE4}.Debug|x64.ActiveCfg = Debug|x64
		{1C56DDA0-CAC9-34AC-80D1-A1BAA3692AE4}.DebugOpt|x64.ActiveCfg = DebugOpt|x64
		{1C56DDA0-CAC9-34AC-80D1-A1BAA3692AE4}.Release|x64.ActiveCfg = Release|x64
		{1C56DDA0-CAC9-34AC-80D1-A1BAA3692AE4}.RelWithDebInfo|x64.ActiveCfg = RelWithDebInfo|x64
		{1C56DDA0-CAC9-34AC-80D1-A1BAA3692AE4}.MinSizeRel|x64.ActiveCfg = MinSizeRel|x64
		{0B31F3AC-47DC-358A-8C90-ACA7CF75A0F2}.Debug|x64.ActiveCfg = Debug|x64
		{0B31F3AC-47DC-358A-8C90-ACA7CF75A0F2}.Debug|x64.Build.0 = Debug|x64
		{0B31F3AC-47DC-358A-8C90-ACA7CF75A0F2}.DebugOpt|x64.ActiveCfg = DebugOpt|x64
		{0B31F3AC-47DC-358A-8C90-ACA7CF75A0F2}.DebugOpt|x64.Build.0 = DebugOpt|x64
		{0B31F3AC-47DC-358A-8C90-ACA7CF75A0F2}.Release|x64.ActiveCfg = Release|x64
		{0B31F3AC-47DC-358A-8C90-ACA7CF75A0F2}.Release|x64.Build.0 = Release|x64
		{0B31F3AC-47DC-358A-8C90-ACA7CF75A0F2}.RelWithDebInfo|x64.ActiveCfg = RelWithDebInfo|x64
		{0B31F3AC-47DC-358A-8C90-ACA7CF75A0F2}.RelWithDebInfo|x64.Build.0 = RelWithDebInfo|x64
		{0B31F3AC-47DC-358A-8C90-ACA7CF75A0F2}.MinSizeRel|x64.ActiveCfg = MinSizeRel|x64
		{0B31F3AC-47DC-358A-8C90-ACA7CF75A0F2}.MinSizeRel|x64.Build.0 = MinSizeRel|x64
		{B8037744-55A7-33BD-8C69-7A92C460E10B}.Debug|x64.ActiveCfg = Debug|x64
		{B8037744-55A7-33BD-8C69-7A92C460E10B}.Debug|x64.Build.0 = Debug|x64
		{B8037744-55A7-33BD-8C69-7A92C460E10B}.DebugOpt|x64.ActiveCfg = DebugOpt|x64
		{B8037744-55A7-33BD-8C69-7A92C460E10B}.DebugOpt|x64.Build.0 = DebugOpt|x64
		{B8037744-55A7-33BD-8C69-7A92C460E10B}.Release|x64.ActiveCfg = Release|x64
		{B8037744-55A7-33BD-8C69-7A92C460E10B}.Release|x64.Build.0 = Release|x64
		{B8037744-55A7-33BD-8C69-7A92C460E10B}.RelWithDebInfo|x64.ActiveCfg = RelWithDebInfo|x64
		{B8037744-55A7-33BD-8C69-7A92C460E10B}.RelWithDebInfo|x64.Build.0 = RelWithDebInfo|x64
		{B8037744-55A7-33BD-8C69-7A92C460E10B}.MinSizeRel|x64.ActiveCfg = MinSizeRel|x64
		{B8037744-55A7-33BD-8C69-7A92C460E10B}.MinSizeRel|x64.Build.0 = MinSizeRel|x64
		{C11ED5C5-8355-33B3-861C-3DA40B81E7A8}.Debug|x64.ActiveCfg = Debug|x64
		{C11ED5C5-8355-33B3-861C-3DA40B81E7A8}.Debug|x64.Build.0 = Debug|x64
		{C11ED5C5-8355-33B3-861C-3DA40B81E7A8}.DebugOpt|x64.ActiveCfg = DebugOpt|x64
		{C11ED5C5-8355-33B3-861C-3DA40B81E7A8}.DebugOpt|x64.Build.0 = DebugOpt|x64
		{C11ED5C5-8355-33B3-861C-3DA40B81E7A8}.Release|x64.ActiveCfg = Release|x64
		{C11ED5C5-8355-33B3-861C-3DA40B81E7A8}.Release|x64.Build.0 = Release|x64
		{C11ED5C5-8355-33B3-861C-3DA40B81E7A8}.RelWithDebInfo|x64.ActiveCfg = RelWithDebInfo|x64
		{C11ED5C5-8355-33B3-861C-3DA40B81E7A8}.RelWithDebInfo|x64.Build.0 = RelWithDebInfo|x64
		{C11ED5C5-8355-33B3-861C-3DA40B81E7A8}.MinSizeRel|x64.ActiveCfg = MinSizeRel|x64
		{C11ED5C5-8355-33B3-861C-3DA40B81E7A8}.MinSizeRel|x64.Build.0 = MinSizeRel|x64
	EndGlobalSection
	GlobalSection(ExtensibilityGlobals) = postSolution
		SolutionGuid = {7FC15098-EA68-3C9C-9DF2-F19A785FD16C}
	EndGlobalSection
	GlobalSection(ExtensibilityAddIns) = postSolution
	EndGlobalSection
EndGlobal
